
Microsoft Visual Studio Solution File, Format Version 12.00
# Visual Studio Version 16
VisualStudioVersion = 16.0.28803.202
MinimumVisualStudioVersion = 10.0.40219.1
Project("{E24C65DC-7377-472B-9ABA-BC803B73C61A}") = "mywcfservice", "mywcfservice\", "{3D54E83C-F671-40D2-8CC8-6290D66931F1}"
	ProjectSection(WebsiteProperties) = preProject
		TargetFrameworkMoniker = ".NETFramework,Version%3Dv4.7.2"
		Debug.AspNetCompiler.VirtualPath = "/localhost_54449"
		Debug.AspNetCompiler.PhysicalPath = "mywcfservice\"
		Debug.AspNetCompiler.TargetPath = "PrecompiledWeb\localhost_54449\"
		Debug.AspNetCompiler.Updateable = "true"
		Debug.AspNetCompiler.ForceOverwrite = "true"
		Debug.AspNetCompiler.FixedNames = "false"
		Debug.AspNetCompiler.Debug = "True"
		Release.AspNetCompiler.VirtualPath = "/localhost_54449"
		Release.AspNetCompiler.PhysicalPath = "mywcfservice\"
		Release.AspNetCompiler.TargetPath = "PrecompiledWeb\localhost_54449\"
		Release.AspNetCompiler.Updateable = "true"
		Release.AspNetCompiler.ForceOverwrite = "true"
		Release.AspNetCompiler.FixedNames = "false"
		Release.AspNetCompiler.Debug = "False"
		VWDPort = "54449"
		SlnRelativePath = "mywcfservice\"
		DefaultWebSiteLanguage = "Visual C#"
	EndProjectSection
EndProject
Project("{FAE04EC0-301F-11D3-BF4B-00C04F79EFBC}") = "WCF Client", "WCF Client\WCF Client.csproj", "{39FF7D42-4C58-4DC0-89C9-4ED1EBB142D2}"
	ProjectSection(ProjectDependencies) = postProject
		{3D54E83C-F671-40D2-8CC8-6290D66931F1} = {3D54E83C-F671-40D2-8CC8-6290D66931F1}
	EndProjectSection
EndProject
Global
	GlobalSection(SolutionConfigurationPlatforms) = preSolution
		Debug|Any CPU = Debug|Any CPU
		Release|Any CPU = Release|Any CPU
	EndGlobalSection
	GlobalSection(ProjectConfigurationPlatforms) = postSolution
		{3D54E83C-F671-40D2-8CC8-6290D66931F1}.Debug|Any CPU.ActiveCfg = Debug|Any CPU
		{3D54E83C-F671-40D2-8CC8-6290D66931F1}.Debug|Any CPU.Build.0 = Debug|Any CPU
		{3D54E83C-F671-40D2-8CC8-6290D66931F1}.Release|Any CPU.ActiveCfg = Debug|Any CPU
		{3D54E83C-F671-40D2-8CC8-6290D66931F1}.Release|Any CPU.Build.0 = Debug|Any CPU
		{39FF7D42-4C58-4DC0-89C9-4ED1EBB142D2}.Debug|Any CPU.ActiveCfg = Debug|Any CPU
		{39FF7D42-4C58-4DC0-89C9-4ED1EBB142D2}.Debug|Any CPU.Build.0 = Debug|Any CPU
		{39FF7D42-4C58-4DC0-89C9-4ED1EBB142D2}.Release|Any CPU.ActiveCfg = Release|Any CPU
		{39FF7D42-4C58-4DC0-89C9-4ED1EBB142D2}.Release|Any CPU.Build.0 = Release|Any CPU
	EndGlobalSection
	GlobalSection(SolutionProperties) = preSolution
		HideSolutionNode = FALSE
	EndGlobalSection
	GlobalSection(ExtensibilityGlobals) = postSolution
		SolutionGuid = {E0BEBFD2-9DA9-4D4D-B5CB-5B2FF4F39F39}
	EndGlobalSection
EndGlobal
